
Microsoft Visual Studio Solution File, Format Version 12.00
# Visual Studio Version 16
VisualStudioVersion = 16.0.31702.278
MinimumVisualStudioVersion = 10.0.40219.1
Project("{FAE04EC0-301F-11D3-BF4B-00C04F79EFBC}") = "name genrator", "name genrator\name genrator.csproj", "{90B86582-5018-4A69-ADD6-4C04166C5EF8}"
EndProject
Global
	GlobalSection(SolutionConfigurationPlatforms) = preSolution
		Debug|Any CPU = Debug|Any CPU
		Release|Any CPU = Release|Any CPU
	EndGlobalSection
	GlobalSection(ProjectConfigurationPlatforms) = postSolution
		{90B86582-5018-4A69-ADD6-4C04166C5EF8}.Debug|Any CPU.ActiveCfg = Debug|Any CPU
		{90B86582-5018-4A69-ADD6-4C04166C5EF8}.Debug|Any CPU.Build.0 = Debug|Any CPU
		{90B86582-5018-4A69-ADD6-4C04166C5EF8}.Release|Any CPU.ActiveCfg = Release|Any CPU
		{90B86582-5018-4A69-ADD6-4C04166C5EF8}.Release|Any CPU.Build.0 = Release|Any CPU
	EndGlobalSection
	GlobalSection(SolutionProperties) = preSolution
		HideSolutionNode = FALSE
	EndGlobalSection
	GlobalSection(ExtensibilityGlobals) = postSolution
		SolutionGuid = {DBC3C49E-7DB0-435A-8669-8919809DD74E}
	EndGlobalSection
EndGlobal
